
Microsoft Visual Studio Solution File, Format Version 12.00
# Visual Studio Version 16
VisualStudioVersion = 16.0.29509.3
MinimumVisualStudioVersion = 10.0.40219.1
Project("{9A19103F-16F7-4668-BE54-9A1E7A4F7556}") = "exam_2", "exam_2\exam_2.csproj", "{61766CD6-3C0E-492E-A6E5-E87D3CF0CBAD}"
EndProject
Global
	GlobalSection(SolutionConfigurationPlatforms) = preSolution
		Debug|Any CPU = Debug|Any CPU
		Release|Any CPU = Release|Any CPU
	EndGlobalSection
	GlobalSection(ProjectConfigurationPlatforms) = postSolution
		{61766CD6-3C0E-492E-A6E5-E87D3CF0CBAD}.Debug|Any CPU.ActiveCfg = Debug|Any CPU
		{61766CD6-3C0E-492E-A6E5-E87D3CF0CBAD}.Debug|Any CPU.Build.0 = Debug|Any CPU
		{61766CD6-3C0E-492E-A6E5-E87D3CF0CBAD}.Release|Any CPU.ActiveCfg = Release|Any CPU
		{61766CD6-3C0E-492E-A6E5-E87D3CF0CBAD}.Release|Any CPU.Build.0 = Release|Any CPU
	EndGlobalSection
	GlobalSection(SolutionProperties) = preSolution
		HideSolutionNode = FALSE
	EndGlobalSection
	GlobalSection(ExtensibilityGlobals) = postSolution
		SolutionGuid = {4B91D2A6-2F89-4007-87A4-0296C5998D7C}
	EndGlobalSection
EndGlobal
